
Microsoft Visual Studio Solution File, Format Version 12.00
# Visual Studio Version 17
VisualStudioVersion = 17.2.32516.85
MinimumVisualStudioVersion = 10.0.40219.1
Project("{FAE04EC0-301F-11D3-BF4B-00C04F79EFBC}") = "Entidades", "Entidades\Entidades.csproj", "{C646809B-73CF-484C-A456-A684072285DE}"
EndProject
Project("{FAE04EC0-301F-11D3-BF4B-00C04F79EFBC}") = "Negocio", "Negocio\Negocio.csproj", "{0D10B8A4-D782-43B4-A1DB-23B2166C09C5}"
EndProject
Project("{FAE04EC0-301F-11D3-BF4B-00C04F79EFBC}") = "Datos", "Datos\Datos.csproj", "{D95418FB-901A-49AD-A361-C0A6C1FB568E}"
EndProject
Project("{FAE04EC0-301F-11D3-BF4B-00C04F79EFBC}") = "Presentacion", "Presentacion\Presentacion.csproj", "{FDEC8706-2BC0-478B-A536-ADCE503F1F27}"
EndProject
Global
	GlobalSection(SolutionConfigurationPlatforms) = preSolution
		Debug|Any CPU = Debug|Any CPU
		Release|Any CPU = Release|Any CPU
	EndGlobalSection
	GlobalSection(ProjectConfigurationPlatforms) = postSolution
		{C646809B-73CF-484C-A456-A684072285DE}.Debug|Any CPU.ActiveCfg = Debug|Any CPU
		{C646809B-73CF-484C-A456-A684072285DE}.Debug|Any CPU.Build.0 = Debug|Any CPU
		{C646809B-73CF-484C-A456-A684072285DE}.Release|Any CPU.ActiveCfg = Release|Any CPU
		{C646809B-73CF-484C-A456-A684072285DE}.Release|Any CPU.Build.0 = Release|Any CPU
		{0D10B8A4-D782-43B4-A1DB-23B2166C09C5}.Debug|Any CPU.ActiveCfg = Debug|Any CPU
		{0D10B8A4-D782-43B4-A1DB-23B2166C09C5}.Debug|Any CPU.Build.0 = Debug|Any CPU
		{0D10B8A4-D782-43B4-A1DB-23B2166C09C5}.Release|Any CPU.ActiveCfg = Release|Any CPU
		{0D10B8A4-D782-43B4-A1DB-23B2166C09C5}.Release|Any CPU.Build.0 = Release|Any CPU
		{D95418FB-901A-49AD-A361-C0A6C1FB568E}.Debug|Any CPU.ActiveCfg = Debug|Any CPU
		{D95418FB-901A-49AD-A361-C0A6C1FB568E}.Debug|Any CPU.Build.0 = Debug|Any CPU
		{D95418FB-901A-49AD-A361-C0A6C1FB568E}.Release|Any CPU.ActiveCfg = Release|Any CPU
		{D95418FB-901A-49AD-A361-C0A6C1FB568E}.Release|Any CPU.Build.0 = Release|Any CPU
		{FDEC8706-2BC0-478B-A536-ADCE503F1F27}.Debug|Any CPU.ActiveCfg = Debug|Any CPU
		{FDEC8706-2BC0-478B-A536-ADCE503F1F27}.Debug|Any CPU.Build.0 = Debug|Any CPU
		{FDEC8706-2BC0-478B-A536-ADCE503F1F27}.Release|Any CPU.ActiveCfg = Release|Any CPU
		{FDEC8706-2BC0-478B-A536-ADCE503F1F27}.Release|Any CPU.Build.0 = Release|Any CPU
	EndGlobalSection
	GlobalSection(SolutionProperties) = preSolution
		HideSolutionNode = FALSE
	EndGlobalSection
	GlobalSection(ExtensibilityGlobals) = postSolution
		SolutionGuid = {062AFB9F-529E-4174-8510-809D3E545985}
	EndGlobalSection
EndGlobal
